// !$*UTF8*$!
{
	archiveVersion = 1;
	classes = {
	};
	objectVersion = 46;
	objects = {

/* Begin PBXBuildFile section */
		643B881D15537B68001407F3 /* UIKit.framework in Frameworks */ = {isa = PBXBuildFile; fileRef = 643B881C15537B68001407F3 /* UIKit.framework */; };
		643B881F15537B68001407F3 /* Foundation.framework in Frameworks */ = {isa = PBXBuildFile; fileRef = 643B881E15537B68001407F3 /* Foundation.framework */; };
		643B882115537B68001407F3 /* CoreGraphics.framework in Frameworks */ = {isa = PBXBuildFile; fileRef = 643B882015537B68001407F3 /* CoreGraphics.framework */; };
		643B882715537B68001407F3 /* InfoPlist.strings in Resources */ = {isa = PBXBuildFile; fileRef = 643B882515537B68001407F3 /* InfoPlist.strings */; };
		643B882915537B68001407F3 /* main.m in Sources */ = {isa = PBXBuildFile; fileRef = 643B882815537B68001407F3 /* main.m */; };
		643B882D15537B68001407F3 /* HelloWorldAppDelegate.m in Sources */ = {isa = PBXBuildFile; fileRef = 643B882C15537B68001407F3 /* HelloWorldAppDelegate.m */; };
		643B883015537B68001407F3 /* MainStoryboard.storyboard in Resources */ = {isa = PBXBuildFile; fileRef = 643B882E15537B68001407F3 /* MainStoryboard.storyboard */; };
		643B883315537B68001407F3 /* HelloWorldViewController.m in Sources */ = {isa = PBXBuildFile; fileRef = 643B883215537B68001407F3 /* HelloWorldViewController.m */; };
/* End PBXBuildFile section */

/* Begin PBXFileReference section */
		643B881815537B67001407F3 /* HelloWorld.app */ = {isa = PBXFileReference; explicitFileType = wrapper.application; includeInIndex = 0; path = HelloWorld.app; sourceTree = BUILT_PRODUCTS_DIR; };
		643B881C15537B68001407F3 /* UIKit.framework */ = {isa = PBXFileReference; lastKnownFileType = wrapper.framework; name = UIKit.framework; path = System/Library/Frameworks/UIKit.framework; sourceTree = SDKROOT; };
		643B881E15537B68001407F3 /* Foundation.framework */ = {isa = PBXFileReference; lastKnownFileType = wrapper.framework; name = Foundation.framework; path = System/Library/Frameworks/Foundation.framework; sourceTree = SDKROOT; };
		643B882015537B68001407F3 /* CoreGraphics.framework */ = {isa = PBXFileReference; lastKnownFileType = wrapper.framework; name = CoreGraphics.framework; path = System/Library/Frameworks/CoreGraphics.framework; sourceTree = SDKROOT; };
		643B882415537B68001407F3 /* HelloWorld-Info.plist */ = {isa = PBXFileReference; path = "HelloWorld-Info.plist"; sourceTree = "<group>"; };
		643B882615537B68001407F3 /* en */ = {isa = PBXFileReference; lastKnownFileType = text.plist.strings; name = en; path = en.lproj/InfoPlist.strings; sourceTree = "<group>"; };
		643B882815537B68001407F3 /* main.m */ = {isa = PBXFileReference; lastKnownFileType = sourcecode.c.objc; path = main.m; sourceTree = "<group>"; };
		643B882A15537B68001407F3 /* HelloWorld-Prefix.pch */ = {isa = PBXFileReference; path = "HelloWorld-Prefix.pch"; sourceTree = "<group>"; };
		643B882B15537B68001407F3 /* HelloWorldAppDelegate.h */ = {isa = PBXFileReference; path = HelloWorldAppDelegate.h; sourceTree = "<group>"; };
		643B882C15537B68001407F3 /* HelloWorldAppDelegate.m */ = {isa = PBXFileReference; lastKnownFileType = sourcecode.c.objc; path = HelloWorldAppDelegate.m; sourceTree = "<group>"; };
		643B882F15537B68001407F3 /* en */ = {isa = PBXFileReference; lastKnownFileType = file.storyboard; name = en; path = en.lproj/MainStoryboard.storyboard; sourceTree = "<group>"; };
		643B883115537B68001407F3 /* HelloWorldViewController.h */ = {isa = PBXFileReference; path = HelloWorldViewController.h; sourceTree = "<group>"; };
		643B883215537B68001407F3 /* HelloWorldViewController.m */ = {isa = PBXFileReference; lastKnownFileType = sourcecode.c.objc; path = HelloWorldViewController.m; sourceTree = "<group>"; };
/* End PBXFileReference section */

/* Begin PBXFrameworksBuildPhase section */
		643B881515537B67001407F3 /* Frameworks */ = {
			isa = PBXFrameworksBuildPhase;
			buildActionMask = 2147483647;
			files = (
				643B881D15537B68001407F3 /* UIKit.framework in Frameworks */,
				643B881F15537B68001407F3 /* Foundation.framework in Frameworks */,
				643B882115537B68001407F3 /* CoreGraphics.framework in Frameworks */,
			);
			runOnlyForDeploymentPostprocessing = 0;
		};
/* End PBXFrameworksBuildPhase section */

/* Begin PBXGroup section */
		643B880D15537B66001407F3 = {
			isa = PBXGroup;
			children = (
				643B882215537B68001407F3 /* HelloWorld */,
				643B881B15537B68001407F3 /* Frameworks */,
				643B881915537B67001407F3 /* Products */,
			);
			sourceTree = "<group>";
		};
		643B881915537B67001407F3 /* Products */ = {
			isa = PBXGroup;
			children = (
				643B881815537B67001407F3 /* HelloWorld.app */,
			);
			name = Products;
			sourceTree = "<group>";
		};
		643B881B15537B68001407F3 /* Frameworks */ = {
			isa = PBXGroup;
			children = (
				643B881C15537B68001407F3 /* UIKit.framework */,
				643B881E15537B68001407F3 /* Foundation.framework */,
				643B882015537B68001407F3 /* CoreGraphics.framework */,
			);
			name = Frameworks;
			sourceTree = "<group>";
		};
		643B882215537B68001407F3 /* HelloWorld */ = {
			isa = PBXGroup;
			children = (
				643B882B15537B68001407F3 /* HelloWorldAppDelegate.h */,
				643B882C15537B68001407F3 /* HelloWorldAppDelegate.m */,
				643B882E15537B68001407F3 /* MainStoryboard.storyboard */,
				643B883115537B68001407F3 /* HelloWorldViewController.h */,
				643B883215537B68001407F3 /* HelloWorldViewController.m */,
				643B882315537B68001407F3 /* Supporting Files */,
			);
			path = HelloWorld;
			sourceTree = "<group>";
		};
		643B882315537B68001407F3 /* Supporting Files */ = {
			isa = PBXGroup;
			children = (
				643B882415537B68001407F3 /* HelloWorld-Info.plist */,
				643B882515537B68001407F3 /* InfoPlist.strings */,
				643B882815537B68001407F3 /* main.m */,
				643B882A15537B68001407F3 /* HelloWorld-Prefix.pch */,
			);
			name = "Supporting Files";
			sourceTree = "<group>";
		};
/* End PBXGroup section */

/* Begin PBXNativeTarget section */
		643B881715537B67001407F3 /* HelloWorld */ = {
			isa = PBXNativeTarget;
			buildConfigurationList = 643B883615537B68001407F3 /* Build configuration list for PBXNativeTarget "HelloWorld" */;
			buildPhases = (
				643B881415537B67001407F3 /* Sources */,
				643B881515537B67001407F3 /* Frameworks */,
				643B881615537B67001407F3 /* Resources */,
			);
			buildRules = (
			);
			dependencies = (
			);
			name = HelloWorld;
			productName = HelloWorld;
			productReference = 643B881815537B67001407F3 /* HelloWorld.app */;
			productType = "com.apple.product-type.application";
		};
/* End PBXNativeTarget section */

/* Begin PBXProject section */
		643B880F15537B66001407F3 /* Project object */ = {
			isa = PBXProject;
			attributes = {
				CLASSPREFIX = HelloWorld;
				LastUpgradeCheck = 0430;
				ORGANIZATIONNAME = "The Atonement Academy";
			};
			buildConfigurationList = 643B881215537B66001407F3 /* Build configuration list for PBXProject "HelloWorld" */;
			compatibilityVersion = "Xcode 3.2";
			developmentRegion = English;
			hasScannedForEncodings = 0;
			knownRegions = (
				en,
			);
			mainGroup = 643B880D15537B66001407F3;
			productRefGroup = 643B881915537B67001407F3 /* Products */;
			projectDirPath = "";
			projectRoot = "";
			targets = (
				643B881715537B67001407F3 /* HelloWorld */,
			);
		};
/* End PBXProject section */

/* Begin PBXResourcesBuildPhase section */
		643B881615537B67001407F3 /* Resources */ = {
			isa = PBXResourcesBuildPhase;
			buildActionMask = 2147483647;
			files = (
				643B882715537B68001407F3 /* InfoPlist.strings in Resources */,
				643B883015537B68001407F3 /* MainStoryboard.storyboard in Resources */,
			);
			runOnlyForDeploymentPostprocessing = 0;
		};
/* End PBXResourcesBuildPhase section */

/* Begin PBXSourcesBuildPhase section */
		643B881415537B67001407F3 /* Sources */ = {
			isa = PBXSourcesBuildPhase;
			buildActionMask = 2147483647;
			files = (
				643B882915537B68001407F3 /* main.m in Sources */,
				643B882D15537B68001407F3 /* HelloWorldAppDelegate.m in Sources */,
				643B883315537B68001407F3 /* HelloWorldViewController.m in Sources */,
			);
			runOnlyForDeploymentPostprocessing = 0;
		};
/* End PBXSourcesBuildPhase section */

/* Begin PBXVariantGroup section */
		643B882515537B68001407F3 /* InfoPlist.strings */ = {
			isa = PBXVariantGroup;
			children = (
				643B882615537B68001407F3 /* en */,
			);
			name = InfoPlist.strings;
			sourceTree = "<group>";
		};
		643B882E15537B68001407F3 /* MainStoryboard.storyboard */ = {
			isa = PBXVariantGroup;
			children = (
				643B882F15537B68001407F3 /* en */,
			);
			name = MainStoryboard.storyboard;
			sourceTree = "<group>";
		};
/* End PBXVariantGroup section */

/* Begin XCBuildConfiguration section */
		643B883415537B68001407F3 /* Debug */ = {
			isa = XCBuildConfiguration;
			buildSettings = {
				ALWAYS_SEARCH_USER_PATHS = NO;
				ARCHS = "$(ARCHS_STANDARD_32_BIT)";
				CLANG_ENABLE_OBJC_ARC = YES;
				"CODE_SIGN_IDENTITY[sdk=iphoneos*]" = "iPhone Developer";
				COPY_PHASE_STRIP = NO;
				GCC_C_LANGUAGE_STANDARD = gnu99;
				GCC_DYNAMIC_NO_PIC = NO;
				GCC_OPTIMIZATION_LEVEL = 0;
				GCC_PREPROCESSOR_DEFINITIONS = (
					"DEBUG=1",
					"$(inherited)",
				);
				GCC_SYMBOLS_PRIVATE_EXTERN = NO;
				GCC_VERSION = com.apple.compilers.llvm.clang.1_0;
				GCC_WARN_ABOUT_RETURN_TYPE = YES;
				GCC_WARN_UNINITIALIZED_AUTOS = YES;
				GCC_WARN_UNUSED_VARIABLE = YES;
				IPHONEOS_DEPLOYMENT_TARGET = 5.1;
				SDKROOT = iphoneos;
			};
			name = Debug;
		};
		643B883515537B68001407F3 /* Release */ = {
			isa = XCBuildConfiguration;
			buildSettings = {
				ALWAYS_SEARCH_USER_PATHS = NO;
				ARCHS = "$(ARCHS_STANDARD_32_BIT)";
				CLANG_ENABLE_OBJC_ARC = YES;
				"CODE_SIGN_IDENTITY[sdk=iphoneos*]" = "iPhone Developer";
				COPY_PHASE_STRIP = YES;
				GCC_C_LANGUAGE_STANDARD = gnu99;
				GCC_VERSION = com.apple.compilers.llvm.clang.1_0;
				GCC_WARN_ABOUT_RETURN_TYPE = YES;
				GCC_WARN_UNINITIALIZED_AUTOS = YES;
				GCC_WARN_UNUSED_VARIABLE = YES;
				IPHONEOS_DEPLOYMENT_TARGET = 5.1;
				OTHER_CFLAGS = "-DNS_BLOCK_ASSERTIONS=1";
				SDKROOT = iphoneos;
				VALIDATE_PRODUCT = YES;
			};
			name = Release;
		};
		643B883715537B68001407F3 /* Debug */ = {
			isa = XCBuildConfiguration;
			buildSettings = {
				GCC_PRECOMPILE_PREFIX_HEADER = YES;
				GCC_PREFIX_HEADER = "HelloWorld/HelloWorld-Prefix.pch";
				INFOPLIST_FILE = "HelloWorld/HelloWorld-Info.plist";
				PRODUCT_NAME = "$(TARGET_NAME)";
				WRAPPER_EXTENSION = app;
			};
			name = Debug;
		};
		643B883815537B68001407F3 /* Release */ = {
			isa = XCBuildConfiguration;
			buildSettings = {
				GCC_PRECOMPILE_PREFIX_HEADER = YES;
				GCC_PREFIX_HEADER = "HelloWorld/HelloWorld-Prefix.pch";
				INFOPLIST_FILE = "HelloWorld/HelloWorld-Info.plist";
				PRODUCT_NAME = "$(TARGET_NAME)";
				WRAPPER_EXTENSION = app;
			};
			name = Release;
		};
/* End XCBuildConfiguration section */

/* Begin XCConfigurationList section */
		643B881215537B66001407F3 /* Build configuration list for PBXProject "HelloWorld" */ = {
			isa = XCConfigurationList;
			buildConfigurations = (
				643B883415537B68001407F3 /* Debug */,
				643B883515537B68001407F3 /* Release */,
			);
			defaultConfigurationIsVisible = 0;
			defaultConfigurationName = Release;
		};
		643B883615537B68001407F3 /* Build configuration list for PBXNativeTarget "HelloWorld" */ = {
			isa = XCConfigurationList;
			buildConfigurations = (
				643B883715537B68001407F3 /* Debug */,
				643B883815537B68001407F3 /* Release */,
			);
			defaultConfigurationIsVisible = 0;
		};
/* End XCConfigurationList section */
	};
	rootObject = 643B880F15537B66001407F3 /* Project object */;
}
